
Microsoft Visual Studio Solution File, Format Version 12.00
# Visual Studio Version 17
VisualStudioVersion = 17.3.32825.248
MinimumVisualStudioVersion = 10.0.40219.1
Project("{FAE04EC0-301F-11D3-BF4B-00C04F79EFBC}") = "MatchingGame", "MatchingGame\MatchingGame.csproj", "{0A9E21E5-B6B9-4023-A87F-110773FCE95D}"
EndProject
Global
	GlobalSection(SolutionConfigurationPlatforms) = preSolution
		Debug|Any CPU = Debug|Any CPU
		Release|Any CPU = Release|Any CPU
	EndGlobalSection
	GlobalSection(ProjectConfigurationPlatforms) = postSolution
		{0A9E21E5-B6B9-4023-A87F-110773FCE95D}.Debug|Any CPU.ActiveCfg = Debug|Any CPU
		{0A9E21E5-B6B9-4023-A87F-110773FCE95D}.Debug|Any CPU.Build.0 = Debug|Any CPU
		{0A9E21E5-B6B9-4023-A87F-110773FCE95D}.Release|Any CPU.ActiveCfg = Release|Any CPU
		{0A9E21E5-B6B9-4023-A87F-110773FCE95D}.Release|Any CPU.Build.0 = Release|Any CPU
	EndGlobalSection
	GlobalSection(SolutionProperties) = preSolution
		HideSolutionNode = FALSE
	EndGlobalSection
	GlobalSection(ExtensibilityGlobals) = postSolution
		SolutionGuid = {7A82A7F5-D3FA-4C8D-83B0-992BD2ABC3A8}
	EndGlobalSection
EndGlobal
